
Microsoft Visual Studio Solution File, Format Version 12.00
Project("{FAE04EC0-301F-11D3-BF4B-00C04F79EFBC}") = "ComandaOnline", "ComandaOnline\ComandaOnline.csproj", "{A14EC409-2AC3-4943-9AA5-1B76CB420344}"
EndProject
Global
	GlobalSection(SolutionConfigurationPlatforms) = preSolution
		Debug|Any CPU = Debug|Any CPU
		Release|Any CPU = Release|Any CPU
	EndGlobalSection
	GlobalSection(ProjectConfigurationPlatforms) = postSolution
		{A14EC409-2AC3-4943-9AA5-1B76CB420344}.Debug|Any CPU.ActiveCfg = Debug|Any CPU
		{A14EC409-2AC3-4943-9AA5-1B76CB420344}.Debug|Any CPU.Build.0 = Debug|Any CPU
		{A14EC409-2AC3-4943-9AA5-1B76CB420344}.Release|Any CPU.ActiveCfg = Release|Any CPU
		{A14EC409-2AC3-4943-9AA5-1B76CB420344}.Release|Any CPU.Build.0 = Release|Any CPU
	EndGlobalSection
EndGlobal
